
Microsoft Visual Studio Solution File, Format Version 12.00
# Visual Studio Version 17
VisualStudioVersion = 17.0.32014.148
MinimumVisualStudioVersion = 10.0.40219.1
Project("{FAE04EC0-301F-11D3-BF4B-00C04F79EFBC}") = "WebAPIContadorError", "WebAPIContadorError\WebAPIContadorError.csproj", "{405FF69A-62CD-429A-88B9-3ED48DC09E31}"
EndProject
Global
	GlobalSection(SolutionConfigurationPlatforms) = preSolution
		Debug|Any CPU = Debug|Any CPU
		Release|Any CPU = Release|Any CPU
	EndGlobalSection
	GlobalSection(ProjectConfigurationPlatforms) = postSolution
		{405FF69A-62CD-429A-88B9-3ED48DC09E31}.Debug|Any CPU.ActiveCfg = Debug|Any CPU
		{405FF69A-62CD-429A-88B9-3ED48DC09E31}.Debug|Any CPU.Build.0 = Debug|Any CPU
		{405FF69A-62CD-429A-88B9-3ED48DC09E31}.Release|Any CPU.ActiveCfg = Release|Any CPU
		{405FF69A-62CD-429A-88B9-3ED48DC09E31}.Release|Any CPU.Build.0 = Release|Any CPU
	EndGlobalSection
	GlobalSection(SolutionProperties) = preSolution
		HideSolutionNode = FALSE
	EndGlobalSection
	GlobalSection(ExtensibilityGlobals) = postSolution
		SolutionGuid = {D8FCA40B-4B74-4BF3-BE1A-963CC8A26549}
	EndGlobalSection
EndGlobal
